// !$*UTF8*$!
{
	archiveVersion = 1;
	classes = {
	};
	objectVersion = 46;
	objects = {

/* Begin PBXBuildFile section */
		2BFB282E1D129F1D00E534FC /* main.cpp in Sources */ = {isa = PBXBuildFile; fileRef = 2BFB282D1D129F1D00E534FC /* main.cpp */; };
		2BFB28371D12A07800E534FC /* Product.cpp in Sources */ = {isa = PBXBuildFile; fileRef = 2BFB28351D12A07800E534FC /* Product.cpp */; };
		2BFB283A1D12A27E00E534FC /* Creator.cpp in Sources */ = {isa = PBXBuildFile; fileRef = 2BFB28381D12A27E00E534FC /* Creator.cpp */; };
		2BFB283F1D12AE8D00E534FC /* Provider.cpp in Sources */ = {isa = PBXBuildFile; fileRef = 2BFB283D1D12AE8D00E534FC /* Provider.cpp */; };
/* End PBXBuildFile section */

/* Begin PBXCopyFilesBuildPhase section */
		2BFB28281D129F1D00E534FC /* CopyFiles */ = {
			isa = PBXCopyFilesBuildPhase;
			buildActionMask = 2147483647;
			dstPath = /usr/share/man/man1/;
			dstSubfolderSpec = 0;
			files = (
			);
			runOnlyForDeploymentPostprocessing = 1;
		};
/* End PBXCopyFilesBuildPhase section */

/* Begin PBXFileReference section */
		2BFB282A1D129F1D00E534FC /* DesignMode */ = {isa = PBXFileReference; explicitFileType = "compiled.mach-o.executable"; includeInIndex = 0; path = DesignMode; sourceTree = BUILT_PRODUCTS_DIR; };
		2BFB282D1D129F1D00E534FC /* main.cpp */ = {isa = PBXFileReference; lastKnownFileType = sourcecode.cpp.cpp; path = main.cpp; sourceTree = "<group>"; };
		2BFB28351D12A07800E534FC /* Product.cpp */ = {isa = PBXFileReference; fileEncoding = 4; lastKnownFileType = sourcecode.cpp.cpp; name = Product.cpp; path = ../Product.cpp; sourceTree = "<group>"; };
		2BFB28361D12A07800E534FC /* Product.hpp */ = {isa = PBXFileReference; fileEncoding = 4; lastKnownFileType = sourcecode.cpp.h; name = Product.hpp; path = ../Product.hpp; sourceTree = "<group>"; };
		2BFB28381D12A27E00E534FC /* Creator.cpp */ = {isa = PBXFileReference; fileEncoding = 4; lastKnownFileType = sourcecode.cpp.cpp; name = Creator.cpp; path = ../Creator.cpp; sourceTree = "<group>"; };
		2BFB28391D12A27E00E534FC /* Creator.hpp */ = {isa = PBXFileReference; fileEncoding = 4; lastKnownFileType = sourcecode.cpp.h; name = Creator.hpp; path = ../Creator.hpp; sourceTree = "<group>"; };
		2BFB283D1D12AE8D00E534FC /* Provider.cpp */ = {isa = PBXFileReference; fileEncoding = 4; lastKnownFileType = sourcecode.cpp.cpp; path = Provider.cpp; sourceTree = "<group>"; };
		2BFB283E1D12AE8D00E534FC /* Provider.hpp */ = {isa = PBXFileReference; fileEncoding = 4; lastKnownFileType = sourcecode.cpp.h; path = Provider.hpp; sourceTree = "<group>"; };
/* End PBXFileReference section */

/* Begin PBXFrameworksBuildPhase section */
		2BFB28271D129F1D00E534FC /* Frameworks */ = {
			isa = PBXFrameworksBuildPhase;
			buildActionMask = 2147483647;
			files = (
			);
			runOnlyForDeploymentPostprocessing = 0;
		};
/* End PBXFrameworksBuildPhase section */

/* Begin PBXGroup section */
		2BFB28211D129F1D00E534FC = {
			isa = PBXGroup;
			children = (
				2BFB282C1D129F1D00E534FC /* DesignMode */,
				2BFB282B1D129F1D00E534FC /* Products */,
			);
			sourceTree = "<group>";
		};
		2BFB282B1D129F1D00E534FC /* Products */ = {
			isa = PBXGroup;
			children = (
				2BFB282A1D129F1D00E534FC /* DesignMode */,
			);
			name = Products;
			sourceTree = "<group>";
		};
		2BFB282C1D129F1D00E534FC /* DesignMode */ = {
			isa = PBXGroup;
			children = (
				2BFB28341D12A05D00E534FC /* factory */,
				2BFB282D1D129F1D00E534FC /* main.cpp */,
			);
			path = DesignMode;
			sourceTree = "<group>";
		};
		2BFB28341D12A05D00E534FC /* factory */ = {
			isa = PBXGroup;
			children = (
				2BFB283C1D12AE4F00E534FC /* abstract */,
				2BFB283B1D12ADBD00E534FC /* common */,
			);
			path = factory;
			sourceTree = "<group>";
		};
		2BFB283B1D12ADBD00E534FC /* common */ = {
			isa = PBXGroup;
			children = (
				2BFB28351D12A07800E534FC /* Product.cpp */,
				2BFB28361D12A07800E534FC /* Product.hpp */,
				2BFB28381D12A27E00E534FC /* Creator.cpp */,
				2BFB28391D12A27E00E534FC /* Creator.hpp */,
			);
			path = common;
			sourceTree = "<group>";
		};
		2BFB283C1D12AE4F00E534FC /* abstract */ = {
			isa = PBXGroup;
			children = (
				2BFB283D1D12AE8D00E534FC /* Provider.cpp */,
				2BFB283E1D12AE8D00E534FC /* Provider.hpp */,
			);
			path = abstract;
			sourceTree = "<group>";
		};
/* End PBXGroup section */

/* Begin PBXNativeTarget section */
		2BFB28291D129F1D00E534FC /* DesignMode */ = {
			isa = PBXNativeTarget;
			buildConfigurationList = 2BFB28311D129F1D00E534FC /* Build configuration list for PBXNativeTarget "DesignMode" */;
			buildPhases = (
				2BFB28261D129F1D00E534FC /* Sources */,
				2BFB28271D129F1D00E534FC /* Frameworks */,
				2BFB28281D129F1D00E534FC /* CopyFiles */,
			);
			buildRules = (
			);
			dependencies = (
			);
			name = DesignMode;
			productName = DesignMode;
			productReference = 2BFB282A1D129F1D00E534FC /* DesignMode */;
			productType = "com.apple.product-type.tool";
		};
/* End PBXNativeTarget section */

/* Begin PBXProject section */
		2BFB28221D129F1D00E534FC /* Project object */ = {
			isa = PBXProject;
			attributes = {
				LastUpgradeCheck = 0720;
				ORGANIZATIONNAME = hbd;
				TargetAttributes = {
					2BFB28291D129F1D00E534FC = {
						CreatedOnToolsVersion = 7.2;
					};
				};
			};
			buildConfigurationList = 2BFB28251D129F1D00E534FC /* Build configuration list for PBXProject "DesignMode" */;
			compatibilityVersion = "Xcode 3.2";
			developmentRegion = English;
			hasScannedForEncodings = 0;
			knownRegions = (
				en,
			);
			mainGroup = 2BFB28211D129F1D00E534FC;
			productRefGroup = 2BFB282B1D129F1D00E534FC /* Products */;
			projectDirPath = "";
			projectRoot = "";
			targets = (
				2BFB28291D129F1D00E534FC /* DesignMode */,
			);
		};
/* End PBXProject section */

/* Begin PBXSourcesBuildPhase section */
		2BFB28261D129F1D00E534FC /* Sources */ = {
			isa = PBXSourcesBuildPhase;
			buildActionMask = 2147483647;
			files = (
				2BFB283F1D12AE8D00E534FC /* Provider.cpp in Sources */,
				2BFB282E1D129F1D00E534FC /* main.cpp in Sources */,
				2BFB283A1D12A27E00E534FC /* Creator.cpp in Sources */,
				2BFB28371D12A07800E534FC /* Product.cpp in Sources */,
			);
			runOnlyForDeploymentPostprocessing = 0;
		};
/* End PBXSourcesBuildPhase section */

/* Begin XCBuildConfiguration section */
		2BFB282F1D129F1D00E534FC /* Debug */ = {
			isa = XCBuildConfiguration;
			buildSettings = {
				ALWAYS_SEARCH_USER_PATHS = NO;
				CLANG_CXX_LANGUAGE_STANDARD = "gnu++0x";
				CLANG_CXX_LIBRARY = "libc++";
				CLANG_ENABLE_MODULES = YES;
				CLANG_ENABLE_OBJC_ARC = YES;
				CLANG_WARN_BOOL_CONVERSION = YES;
				CLANG_WARN_CONSTANT_CONVERSION = YES;
				CLANG_WARN_DIRECT_OBJC_ISA_USAGE = YES_ERROR;
				CLANG_WARN_EMPTY_BODY = YES;
				CLANG_WARN_ENUM_CONVERSION = YES;
				CLANG_WARN_INT_CONVERSION = YES;
				CLANG_WARN_OBJC_ROOT_CLASS = YES_ERROR;
				CLANG_WARN_UNREACHABLE_CODE = YES;
				CLANG_WARN__DUPLICATE_METHOD_MATCH = YES;
				CODE_SIGN_IDENTITY = "-";
				COPY_PHASE_STRIP = NO;
				DEBUG_INFORMATION_FORMAT = dwarf;
				ENABLE_STRICT_OBJC_MSGSEND = YES;
				ENABLE_TESTABILITY = YES;
				GCC_C_LANGUAGE_STANDARD = gnu99;
				GCC_DYNAMIC_NO_PIC = NO;
				GCC_NO_COMMON_BLOCKS = YES;
				GCC_OPTIMIZATION_LEVEL = 0;
				GCC_PREPROCESSOR_DEFINITIONS = (
					"DEBUG=1",
					"$(inherited)",
				);
				GCC_WARN_64_TO_32_BIT_CONVERSION = YES;
				GCC_WARN_ABOUT_RETURN_TYPE = YES_ERROR;
				GCC_WARN_UNDECLARED_SELECTOR = YES;
				GCC_WARN_UNINITIALIZED_AUTOS = YES_AGGRESSIVE;
				GCC_WARN_UNUSED_FUNCTION = YES;
				GCC_WARN_UNUSED_VARIABLE = YES;
				MACOSX_DEPLOYMENT_TARGET = 10.10;
				MTL_ENABLE_DEBUG_INFO = YES;
				ONLY_ACTIVE_ARCH = YES;
				SDKROOT = macosx;
			};
			name = Debug;
		};
		2BFB28301D129F1D00E534FC /* Release */ = {
			isa = XCBuildConfiguration;
			buildSettings = {
				ALWAYS_SEARCH_USER_PATHS = NO;
				CLANG_CXX_LANGUAGE_STANDARD = "gnu++0x";
				CLANG_CXX_LIBRARY = "libc++";
				CLANG_ENABLE_MODULES = YES;
				CLANG_ENABLE_OBJC_ARC = YES;
				CLANG_WARN_BOOL_CONVERSION = YES;
				CLANG_WARN_CONSTANT_CONVERSION = YES;
				CLANG_WARN_DIRECT_OBJC_ISA_USAGE = YES_ERROR;
				CLANG_WARN_EMPTY_BODY = YES;
				CLANG_WARN_ENUM_CONVERSION = YES;
				CLANG_WARN_INT_CONVERSION = YES;
				CLANG_WARN_OBJC_ROOT_CLASS = YES_ERROR;
				CLANG_WARN_UNREACHABLE_CODE = YES;
				CLANG_WARN__DUPLICATE_METHOD_MATCH = YES;
				CODE_SIGN_IDENTITY = "-";
				COPY_PHASE_STRIP = NO;
				DEBUG_INFORMATION_FORMAT = "dwarf-with-dsym";
				ENABLE_NS_ASSERTIONS = NO;
				ENABLE_STRICT_OBJC_MSGSEND = YES;
				GCC_C_LANGUAGE_STANDARD = gnu99;
				GCC_NO_COMMON_BLOCKS = YES;
				GCC_WARN_64_TO_32_BIT_CONVERSION = YES;
				GCC_WARN_ABOUT_RETURN_TYPE = YES_ERROR;
				GCC_WARN_UNDECLARED_SELECTOR = YES;
				GCC_WARN_UNINITIALIZED_AUTOS = YES_AGGRESSIVE;
				GCC_WARN_UNUSED_FUNCTION = YES;
				GCC_WARN_UNUSED_VARIABLE = YES;
				MACOSX_DEPLOYMENT_TARGET = 10.10;
				MTL_ENABLE_DEBUG_INFO = NO;
				SDKROOT = macosx;
			};
			name = Release;
		};
		2BFB28321D129F1D00E534FC /* Debug */ = {
			isa = XCBuildConfiguration;
			buildSettings = {
				PRODUCT_NAME = "$(TARGET_NAME)";
			};
			name = Debug;
		};
		2BFB28331D129F1D00E534FC /* Release */ = {
			isa = XCBuildConfiguration;
			buildSettings = {
				PRODUCT_NAME = "$(TARGET_NAME)";
			};
			name = Release;
		};
/* End XCBuildConfiguration section */

/* Begin XCConfigurationList section */
		2BFB28251D129F1D00E534FC /* Build configuration list for PBXProject "DesignMode" */ = {
			isa = XCConfigurationList;
			buildConfigurations = (
				2BFB282F1D129F1D00E534FC /* Debug */,
				2BFB28301D129F1D00E534FC /* Release */,
			);
			defaultConfigurationIsVisible = 0;
			defaultConfigurationName = Release;
		};
		2BFB28311D129F1D00E534FC /* Build configuration list for PBXNativeTarget "DesignMode" */ = {
			isa = XCConfigurationList;
			buildConfigurations = (
				2BFB28321D129F1D00E534FC /* Debug */,
				2BFB28331D129F1D00E534FC /* Release */,
			);
			defaultConfigurationIsVisible = 0;
		};
/* End XCConfigurationList section */
	};
	rootObject = 2BFB28221D129F1D00E534FC /* Project object */;
}
